[[package]]
name = "array-queue"
version = "0.2.0"
source = "registry+https://github.com/rust-lang/crates.io-index"

[[package]]
name = "bitflags"
version = "1.0.1"
source = "registry+https://github.com/rust-lang/crates.io-index"

[[package]]
name = "coel"
version = "0.1.0"
dependencies = [
 "array-queue 0.2.0 (registry+https://github.com/rust-lang/crates.io-index)",
 "futures-await 0.1.0 (registry+https://github.com/rust-lang/crates.io-index)",
 "futures-black-hole 0.1.0 (registry+https://github.com/rust-lang/crates.io-index)",
 "hamt-sync 0.1.1 (registry+https://github.com/rust-lang/crates.io-index)",
 "nom 3.2.1 (registry+https://github.com/rust-lang/crates.io-index)",
]

[[package]]
name = "fuchsia-zircon"
version = "0.3.3"
source = "registry+https://github.com/rust-lang/crates.io-index"
dependencies = [
 "bitflags 1.0.1 (registry+https://github.com/rust-lang/crates.io-index)",
 "fuchsia-zircon-sys 0.3.3 (registry+https://github.com/rust-lang/crates.io-index)",
]

[[package]]
name = "fuchsia-zircon-sys"
version = "0.3.3"
source = "registry+https://github.com/rust-lang/crates.io-index"

[[package]]
name = "futures"
version = "0.1.18"
source = "registry+https://github.com/rust-lang/crates.io-index"

[[package]]
name = "futures-await"
version = "0.1.0"
source = "registry+https://github.com/rust-lang/crates.io-index"
dependencies = [
 "futures 0.1.18 (registry+https://github.com/rust-lang/crates.io-index)",
 "futures-await-async-macro 0.1.1 (registry+https://github.com/rust-lang/crates.io-index)",
 "futures-await-await-macro 0.1.0 (registry+https://github.com/rust-lang/crates.io-index)",
]

[[package]]
name = "futures-await-async-macro"
version = "0.1.1"
source = "registry+https://github.com/rust-lang/crates.io-index"
dependencies = [
 "futures-await-quote 0.4.0 (registry+https://github.com/rust-lang/crates.io-index)",
 "futures-await-syn 0.12.0 (registry+https://github.com/rust-lang/crates.io-index)",
 "futures-await-synom 0.12.0 (registry+https://github.com/rust-lang/crates.io-index)",
 "proc-macro2 0.1.10 (registry+https://github.com/rust-lang/crates.io-index)",
]

[[package]]
name = "futures-await-await-macro"
version = "0.1.0"
source = "registry+https://github.com/rust-lang/crates.io-index"

[[package]]
name = "futures-await-quote"
version = "0.4.0"
source = "registry+https://github.com/rust-lang/crates.io-index"
dependencies = [
 "proc-macro2 0.1.10 (registry+https://github.com/rust-lang/crates.io-index)",
]

[[package]]
name = "futures-await-syn"
version = "0.12.0"
source = "registry+https://github.com/rust-lang/crates.io-index"
dependencies = [
 "futures-await-quote 0.4.0 (registry+https://github.com/rust-lang/crates.io-index)",
 "futures-await-synom 0.12.0 (registry+https://github.com/rust-lang/crates.io-index)",
 "proc-macro2 0.1.10 (registry+https://github.com/rust-lang/crates.io-index)",
 "unicode-xid 0.1.0 (registry+https://github.com/rust-lang/crates.io-index)",
]

[[package]]
name = "futures-await-synom"
version = "0.12.0"
source = "registry+https://github.com/rust-lang/crates.io-index"
dependencies = [
 "futures-await-quote 0.4.0 (registry+https://github.com/rust-lang/crates.io-index)",
 "proc-macro2 0.1.10 (registry+https://github.com/rust-lang/crates.io-index)",
]

[[package]]
name = "futures-black-hole"
version = "0.1.0"
source = "registry+https://github.com/rust-lang/crates.io-index"
dependencies = [
 "futures-await 0.1.0 (registry+https://github.com/rust-lang/crates.io-index)",
 "futures-cpupool 0.1.8 (registry+https://github.com/rust-lang/crates.io-index)",
]

[[package]]
name = "futures-cpupool"
version = "0.1.8"
source = "registry+https://github.com/rust-lang/crates.io-index"
dependencies = [
 "futures 0.1.18 (registry+https://github.com/rust-lang/crates.io-index)",
 "num_cpus 1.8.0 (registry+https://github.com/rust-lang/crates.io-index)",
]

[[package]]
name = "hamt-sync"
version = "0.1.1"
source = "registry+https://github.com/rust-lang/crates.io-index"
dependencies = [
 "rand 0.4.2 (registry+https://github.com/rust-lang/crates.io-index)",
]

[[package]]
name = "libc"
version = "0.2.36"
source = "registry+https://github.com/rust-lang/crates.io-index"

[[package]]
name = "memchr"
version = "1.0.2"
source = "registry+https://github.com/rust-lang/crates.io-index"
dependencies = [
 "libc 0.2.36 (registry+https://github.com/rust-lang/crates.io-index)",
]

[[package]]
name = "nom"
version = "3.2.1"
source = "registry+https://github.com/rust-lang/crates.io-index"
dependencies = [
 "memchr 1.0.2 (registry+https://github.com/rust-lang/crates.io-index)",
]

[[package]]
name = "num_cpus"
version = "1.8.0"
source = "registry+https://github.com/rust-lang/crates.io-index"
dependencies = [
 "libc 0.2.36 (registry+https://github.com/rust-lang/crates.io-index)",
]

[[package]]
name = "proc-macro2"
version = "0.1.10"
source = "registry+https://github.com/rust-lang/crates.io-index"
dependencies = [
 "unicode-xid 0.1.0 (registry+https://github.com/rust-lang/crates.io-index)",
]

[[package]]
name = "rand"
version = "0.4.2"
source = "registry+https://github.com/rust-lang/crates.io-index"
dependencies = [
 "fuchsia-zircon 0.3.3 (registry+https://github.com/rust-lang/crates.io-index)",
 "libc 0.2.36 (registry+https://github.com/rust-lang/crates.io-index)",
 "winapi 0.3.4 (registry+https://github.com/rust-lang/crates.io-index)",
]

[[package]]
name = "unicode-xid"
version = "0.1.0"
source = "registry+https://github.com/rust-lang/crates.io-index"

[[package]]
name = "winapi"
version = "0.3.4"
source = "registry+https://github.com/rust-lang/crates.io-index"
dependencies = [
 "winapi-i686-pc-windows-gnu 0.4.0 (registry+https://github.com/rust-lang/crates.io-index)",
 "winapi-x86_64-pc-windows-gnu 0.4.0 (registry+https://github.com/rust-lang/crates.io-index)",
]

[[package]]
name = "winapi-i686-pc-windows-gnu"
version = "0.4.0"
source = "registry+https://github.com/rust-lang/crates.io-index"

[[package]]
name = "winapi-x86_64-pc-windows-gnu"
version = "0.4.0"
source = "registry+https://github.com/rust-lang/crates.io-index"

[metadata]
"checksum array-queue 0.2.0 (registry+https://github.com/rust-lang/crates.io-index)" = "47b3071e37e24c733a09baeaa936de9b8cb53187334dfd34ce49c07878c4874e"
"checksum bitflags 1.0.1 (registry+https://github.com/rust-lang/crates.io-index)" = "b3c30d3802dfb7281680d6285f2ccdaa8c2d8fee41f93805dba5c4cf50dc23cf"
"checksum fuchsia-zircon 0.3.3 (registry+https://github.com/rust-lang/crates.io-index)" = "2e9763c69ebaae630ba35f74888db465e49e259ba1bc0eda7d06f4a067615d82"
"checksum fuchsia-zircon-sys 0.3.3 (registry+https://github.com/rust-lang/crates.io-index)" = "3dcaa9ae7725d12cdb85b3ad99a434db70b468c09ded17e012d86b5c1010f7a7"
"checksum futures 0.1.18 (registry+https://github.com/rust-lang/crates.io-index)" = "0bab5b5e94f5c31fc764ba5dd9ad16568aae5d4825538c01d6bca680c9bf94a7"
"checksum futures-await 0.1.0 (registry+https://github.com/rust-lang/crates.io-index)" = "84431acb0f168d02bd7727ad9fa385ff877e46d6018efad17ca509ae3bf5457c"
"checksum futures-await-async-macro 0.1.1 (registry+https://github.com/rust-lang/crates.io-index)" = "2868c9550459b113f8a656bd8f665bcdcfffb794e3fe5fbeaf5734325d18c2b5"
"checksum futures-await-await-macro 0.1.0 (registry+https://github.com/rust-lang/crates.io-index)" = "b7adba18b51fd888a24f6bd41c85e4f544a7089b15f84242350c014f9fdbf895"
"checksum futures-await-quote 0.4.0 (registry+https://github.com/rust-lang/crates.io-index)" = "f310765f0efc9c12ffb4887ca48d87a71c44ba531d9ba23055681a879f98ab75"
"checksum futures-await-syn 0.12.0 (registry+https://github.com/rust-lang/crates.io-index)" = "90dcf027151897fe50205762efdec791be0e1e2a018d0ae077f72aa0abbf947f"
"checksum futures-await-synom 0.12.0 (registry+https://github.com/rust-lang/crates.io-index)" = "a7c84de0ba04a67d7fc0fb4e3218ba539da65890549922d9d2bc874ba6240030"
"checksum futures-black-hole 0.1.0 (registry+https://github.com/rust-lang/crates.io-index)" = "86d19066b88079a1393ca7349f09912b4509a7fab10a2b750a3e061487c615bc"
"checksum futures-cpupool 0.1.8 (registry+https://github.com/rust-lang/crates.io-index)" = "ab90cde24b3319636588d0c35fe03b1333857621051837ed769faefb4c2162e4"
"checksum hamt-sync 0.1.1 (registry+https://github.com/rust-lang/crates.io-index)" = "0baef11a1452ac71b92b746ea6883ddce7d895d4f8aa411426f07968d602a0bc"
"checksum libc 0.2.36 (registry+https://github.com/rust-lang/crates.io-index)" = "1e5d97d6708edaa407429faa671b942dc0f2727222fb6b6539bf1db936e4b121"
"checksum memchr 1.0.2 (registry+https://github.com/rust-lang/crates.io-index)" = "148fab2e51b4f1cfc66da2a7c32981d1d3c083a803978268bb11fe4b86925e7a"
"checksum nom 3.2.1 (registry+https://github.com/rust-lang/crates.io-index)" = "05aec50c70fd288702bcd93284a8444607f3292dbdf2a30de5ea5dcdbe72287b"
"checksum num_cpus 1.8.0 (registry+https://github.com/rust-lang/crates.io-index)" = "c51a3322e4bca9d212ad9a158a02abc6934d005490c054a2778df73a70aa0a30"
"checksum proc-macro2 0.1.10 (registry+https://github.com/rust-lang/crates.io-index)" = "557facecbf90ff79faea80a08230d10c812016aa19198ed07d06de61f965b5cc"
"checksum rand 0.4.2 (registry+https://github.com/rust-lang/crates.io-index)" = "eba5f8cb59cc50ed56be8880a5c7b496bfd9bd26394e176bc67884094145c2c5"
"checksum unicode-xid 0.1.0 (registry+https://github.com/rust-lang/crates.io-index)" = "fc72304796d0818e357ead4e000d19c9c174ab23dc11093ac919054d20a6a7fc"
"checksum winapi 0.3.4 (registry+https://github.com/rust-lang/crates.io-index)" = "04e3bd221fcbe8a271359c04f21a76db7d0c6028862d1bb5512d85e1e2eb5bb3"
"checksum winapi-i686-pc-windows-gnu 0.4.0 (registry+https://github.com/rust-lang/crates.io-index)" = "ac3b87c63620426dd9b991e5ce0329eff545bccbbb34f3be09ff6fb6ab51b7b6"
"checksum winapi-x86_64-pc-windows-gnu 0.4.0 (registry+https://github.com/rust-lang/crates.io-index)" = "712e227841d057c1ee1cd2fb22fa7e5a5461ae8e48fa2ca79ec42cfc1931183f"
